
Microsoft Visual Studio Solution File, Format Version 12.00
# Visual Studio 15
VisualStudioVersion = 15.0.28010.2016
MinimumVisualStudioVersion = 10.0.40219.1
Project("{FAE04EC0-301F-11D3-BF4B-00C04F79EFBC}") = "ConsoleApp1", "ConsoleApp1\ConsoleApp1.csproj", "{F2058991-16E4-4237-B387-D90E4B3BDE8D}"
EndProject
Project("{FAE04EC0-301F-11D3-BF4B-00C04F79EFBC}") = "ClassLibrary1", "ClassLibrary1\ClassLibrary1.csproj", "{FB2507E1-CE65-480E-A809-78986DEB2EC3}"
EndProject
Global
	GlobalSection(SolutionConfigurationPlatforms) = preSolution
		Debug|Any CPU = Debug|Any CPU
		Release|Any CPU = Release|Any CPU
	EndGlobalSection
	GlobalSection(ProjectConfigurationPlatforms) = postSolution
		{F2058991-16E4-4237-B387-D90E4B3BDE8D}.Debug|Any CPU.ActiveCfg = Debug|Any CPU
		{F2058991-16E4-4237-B387-D90E4B3BDE8D}.Debug|Any CPU.Build.0 = Debug|Any CPU
		{F2058991-16E4-4237-B387-D90E4B3BDE8D}.Release|Any CPU.ActiveCfg = Release|Any CPU
		{F2058991-16E4-4237-B387-D90E4B3BDE8D}.Release|Any CPU.Build.0 = Release|Any CPU
		{FB2507E1-CE65-480E-A809-78986DEB2EC3}.Debug|Any CPU.ActiveCfg = Debug|Any CPU
		{FB2507E1-CE65-480E-A809-78986DEB2EC3}.Debug|Any CPU.Build.0 = Debug|Any CPU
		{FB2507E1-CE65-480E-A809-78986DEB2EC3}.Release|Any CPU.ActiveCfg = Release|Any CPU
		{FB2507E1-CE65-480E-A809-78986DEB2EC3}.Release|Any CPU.Build.0 = Release|Any CPU
	EndGlobalSection
	GlobalSection(SolutionProperties) = preSolution
		HideSolutionNode = FALSE
	EndGlobalSection
	GlobalSection(ExtensibilityGlobals) = postSolution
		SolutionGuid = {F354FC48-9AAF-4947-ABCF-33112A46B30A}
	EndGlobalSection
EndGlobal
